
Microsoft Visual Studio Solution File, Format Version 12.00
# Visual Studio Version 17
VisualStudioVersion = 17.1.32421.90
MinimumVisualStudioVersion = 10.0.40219.1
Project("{9A19103F-16F7-4668-BE54-9A1E7A4F7556}") = "skateparatodos", "skateparatodos.csproj", "{7B581BA4-E709-45A9-8B52-38CAB66F940C}"
EndProject
Global
	GlobalSection(SolutionConfigurationPlatforms) = preSolution
		Debug|Any CPU = Debug|Any CPU
		Release|Any CPU = Release|Any CPU
	EndGlobalSection
	GlobalSection(ProjectConfigurationPlatforms) = postSolution
		{7B581BA4-E709-45A9-8B52-38CAB66F940C}.Debug|Any CPU.ActiveCfg = Debug|Any CPU
		{7B581BA4-E709-45A9-8B52-38CAB66F940C}.Debug|Any CPU.Build.0 = Debug|Any CPU
		{7B581BA4-E709-45A9-8B52-38CAB66F940C}.Release|Any CPU.ActiveCfg = Release|Any CPU
		{7B581BA4-E709-45A9-8B52-38CAB66F940C}.Release|Any CPU.Build.0 = Release|Any CPU
	EndGlobalSection
	GlobalSection(SolutionProperties) = preSolution
		HideSolutionNode = FALSE
	EndGlobalSection
	GlobalSection(ExtensibilityGlobals) = postSolution
		SolutionGuid = {2CB3D06E-E398-4E0F-A5E7-8E2C39EC5F82}
	EndGlobalSection
EndGlobal
